
Microsoft Visual Studio Solution File, Format Version 12.00
# Visual Studio Version 17
VisualStudioVersion = 17.8.34525.116
MinimumVisualStudioVersion = 10.0.40219.1
Project("{FAE04EC0-301F-11D3-BF4B-00C04F79EFBC}") = "SudokuSolverApp", "SudokuSolverApp\SudokuSolverApp.csproj", "{2B3E9873-45DB-4AD5-AA18-67483674E80C}"
EndProject
Global
	GlobalSection(SolutionConfigurationPlatforms) = preSolution
		Debug|Any CPU = Debug|Any CPU
		Release|Any CPU = Release|Any CPU
	EndGlobalSection
	GlobalSection(ProjectConfigurationPlatforms) = postSolution
		{2B3E9873-45DB-4AD5-AA18-67483674E80C}.Debug|Any CPU.ActiveCfg = Debug|Any CPU
		{2B3E9873-45DB-4AD5-AA18-67483674E80C}.Debug|Any CPU.Build.0 = Debug|Any CPU
		{2B3E9873-45DB-4AD5-AA18-67483674E80C}.Debug|Any CPU.Deploy.0 = Debug|Any CPU
		{2B3E9873-45DB-4AD5-AA18-67483674E80C}.Release|Any CPU.ActiveCfg = Release|Any CPU
		{2B3E9873-45DB-4AD5-AA18-67483674E80C}.Release|Any CPU.Build.0 = Release|Any CPU
		{2B3E9873-45DB-4AD5-AA18-67483674E80C}.Release|Any CPU.Deploy.0 = Release|Any CPU
	EndGlobalSection
	GlobalSection(SolutionProperties) = preSolution
		HideSolutionNode = FALSE
	EndGlobalSection
	GlobalSection(ExtensibilityGlobals) = postSolution
		SolutionGuid = {92B12A5A-553C-40F2-B0CF-ED06F11A41DB}
	EndGlobalSection
EndGlobal
